
Microsoft Visual Studio Solution File, Format Version 12.00
# Visual Studio Version 16
VisualStudioVersion = 25.0.1706.9
MinimumVisualStudioVersion = 10.0.40219.1
Project("{FAE04EC0-301F-11D3-BF4B-00C04F79EFBC}") = "Shared", "Shared\Shared.csproj", "{B4AAFC58-2655-468B-A083-F192775BE3A9}"
EndProject
Project("{FAE04EC0-301F-11D3-BF4B-00C04F79EFBC}") = "ProductEvent.Handler.Service", "ProductEvent.Handler.Service\ProductEvent.Handler.Service.csproj", "{195507E5-FB2C-4D28-BDC3-7A634143BACA}"
EndProject
Project("{FAE04EC0-301F-11D3-BF4B-00C04F79EFBC}") = "Product.Example", "Product.Example\Product.Example.csproj", "{496D1112-B8CE-482F-8847-DF50210A7C13}"
EndProject
Global
	GlobalSection(SolutionConfigurationPlatforms) = preSolution
		Debug|Any CPU = Debug|Any CPU
		Release|Any CPU = Release|Any CPU
	EndGlobalSection
	GlobalSection(ProjectConfigurationPlatforms) = postSolution
		{B4AAFC58-2655-468B-A083-F192775BE3A9}.Debug|Any CPU.ActiveCfg = Debug|Any CPU
		{B4AAFC58-2655-468B-A083-F192775BE3A9}.Debug|Any CPU.Build.0 = Debug|Any CPU
		{B4AAFC58-2655-468B-A083-F192775BE3A9}.Release|Any CPU.ActiveCfg = Release|Any CPU
		{B4AAFC58-2655-468B-A083-F192775BE3A9}.Release|Any CPU.Build.0 = Release|Any CPU
		{195507E5-FB2C-4D28-BDC3-7A634143BACA}.Debug|Any CPU.ActiveCfg = Debug|Any CPU
		{195507E5-FB2C-4D28-BDC3-7A634143BACA}.Debug|Any CPU.Build.0 = Debug|Any CPU
		{195507E5-FB2C-4D28-BDC3-7A634143BACA}.Release|Any CPU.ActiveCfg = Release|Any CPU
		{195507E5-FB2C-4D28-BDC3-7A634143BACA}.Release|Any CPU.Build.0 = Release|Any CPU
		{496D1112-B8CE-482F-8847-DF50210A7C13}.Debug|Any CPU.ActiveCfg = Debug|Any CPU
		{496D1112-B8CE-482F-8847-DF50210A7C13}.Debug|Any CPU.Build.0 = Debug|Any CPU
		{496D1112-B8CE-482F-8847-DF50210A7C13}.Release|Any CPU.ActiveCfg = Release|Any CPU
		{496D1112-B8CE-482F-8847-DF50210A7C13}.Release|Any CPU.Build.0 = Release|Any CPU
	EndGlobalSection
	GlobalSection(SolutionProperties) = preSolution
		HideSolutionNode = FALSE
	EndGlobalSection
	GlobalSection(ExtensibilityGlobals) = postSolution
		SolutionGuid = {477023F1-1A7C-4821-A196-9F3F636B1F8D}
	EndGlobalSection
EndGlobal
